#MicroXplorer Configuration settings - do not modify
Mcu.Family=STM32G4
NVIC.USART3_IRQn=true\:0\:0\:false\:false\:true\:true\:true
Dma.USART3_RX.0.Instance=DMA1_Channel1
Dma.USART3_RX.0.Polarity=HAL_DMAMUX_REQ_GEN_RISING
ProjectManager.MainLocation=Core/Src
RCC.I2SFreq_Value=160000000
RCC.PLLQoutputFreq_Value=160000000
RCC.USART1Freq_Value=160000000
ProjectManager.ProjectFileName=sar20-baseboard-firmware.ioc
Dma.USART3_RX.0.PeriphInc=DMA_PINC_DISABLE
RCC.SAI1Freq_Value=160000000
RCC.CortexFreq_Value=160000000
ProjectManager.KeepUserCode=true
Mcu.PinsNb=9
Mcu.UserName=STM32G491CEUx
Dma.USART3_RX.0.SyncRequestNumber=1
ProjectManager.NoMain=false
PC11.Locked=true
PC10.Locked=true
PC11.Signal=USART3_RX
PC10.Signal=USART3_TX
ProjectManager.functionlistsort=1-MX_GPIO_Init-GPIO-false-HAL-true,2-MX_DMA_Init-DMA-false-HAL-true,3-SystemClock_Config-RCC-false-HAL-false,4-MX_TIM16_Init-TIM16-false-HAL-true,5-MX_USART3_UART_Init-USART3-false-HAL-true,6-MX_CRC_Init-CRC-false-HAL-true
PC10.Mode=Asynchronous
CRC.InputDataFormat=CRC_INPUTDATA_FORMAT_WORDS
RCC.EXTERNAL_CLOCK_VALUE=12288000
ProjectManager.DefaultFWLocation=true
SH.S_TIM16_CH1.0=TIM16_CH1,PWM Generation1 CH1
VP_TIM16_VS_ClockSourceINT.Mode=Enable_Timer
RCC.USART2Freq_Value=160000000
ProjectManager.DeletePrevious=true
RCC.QSPIFreq_Value=160000000
TIM16.Channel=TIM_CHANNEL_1
PinOutPanel.RotationAngle=0
RCC.FamilyName=M
CRC.IPParameters=DefaultPolynomialUse,OutputDataInversionMode,InputDataInversionMode,InputDataFormat
RCC.MCO1PinFreq_Value=16000000
RCC.SYSCLKSource=RCC_SYSCLKSOURCE_PLLCLK
ProjectManager.StackSize=0x400
Dma.USART3_RX.0.Mode=DMA_CIRCULAR
USART3.VirtualMode-Asynchronous=VM_ASYNC
RCC.I2C3Freq_Value=160000000
RCC.LPTIM1Freq_Value=160000000
PA13.Signal=SYS_JTMS-SWDIO
Mcu.IP4=SYS
RCC.FCLKCortexFreq_Value=160000000
Mcu.IP5=TIM16
CRC.DefaultPolynomialUse=DEFAULT_POLYNOMIAL_ENABLE
Mcu.IP2=NVIC
NVIC.SVCall_IRQn=true\:0\:0\:false\:false\:true\:false\:false
Mcu.IP3=RCC
Mcu.IP0=CRC
Mcu.IP1=DMA
Mcu.UserConstants=
SH.S_TIM16_CH1.ConfNb=1
CRC.InputDataInversionMode=CRC_INPUTDATA_INVERSION_NONE
ProjectManager.TargetToolchain=STM32CubeIDE
Mcu.ThirdPartyNb=0
VP_CRC_VS_CRC.Signal=CRC_VS_CRC
RCC.HCLKFreq_Value=160000000
Mcu.IPNb=7
ProjectManager.PreviousToolchain=
RCC.APB2TimFreq_Value=160000000
Dma.USART3_RX.0.EventEnable=DISABLE
Dma.USART3_RX.0.SyncEnable=DISABLE
Mcu.Pin6=VP_SYS_VS_Systick
Mcu.Pin7=VP_SYS_VS_DBSignals
ProjectManager.RegisterCallBack=
Mcu.Pin8=VP_TIM16_VS_ClockSourceINT
RCC.USBFreq_Value=48000000
RCC.LSE_VALUE=32768
RCC.AHBFreq_Value=160000000
Mcu.Pin0=PA6
Mcu.Pin1=PA13
Mcu.Pin2=PA14
Mcu.Pin3=PC10
RCC.USART3Freq_Value=160000000
Mcu.Pin4=PC11
Mcu.Pin5=VP_CRC_VS_CRC
ProjectManager.ProjectBuild=false
RCC.HSE_VALUE=8000000
NVIC.UsageFault_IRQn=true\:0\:0\:false\:false\:true\:false\:false
Dma.USART3_RX.0.MemDataAlignment=DMA_MDATAALIGN_BYTE
NVIC.DebugMonitor_IRQn=true\:0\:0\:false\:false\:true\:false\:false
board=custom
RCC.VCOOutputFreq_Value=320000000
NVIC.SysTick_IRQn=true\:0\:0\:false\:false\:true\:false\:true
RCC.ADC12Freq_Value=160000000
ProjectManager.LastFirmware=true
TIM16.PeriodNoDither=6399
Dma.USART3_RX.0.SyncSignalID=NONE
ProjectManager.FirmwarePackage=STM32Cube FW_G4 V1.4.0
RCC.ADC345Freq_Value=160000000
MxDb.Version=DB.6.0.21
RCC.APB2Freq_Value=160000000
ProjectManager.BackupPrevious=false
MxCube.Version=6.2.1
RCC.VCOInputFreq_Value=16000000
RCC.I2C1Freq_Value=160000000
VP_SYS_VS_DBSignals.Signal=SYS_VS_DBSignals
PA14.Mode=Serial_Wire
RCC.FDCANFreq_Value=160000000
RCC.RNGFreq_Value=48000000
File.Version=6
VP_SYS_VS_Systick.Mode=SysTick
Dma.USART3_RX.0.PeriphDataAlignment=DMA_PDATAALIGN_BYTE
VP_SYS_VS_DBSignals.Mode=DisableDeadBatterySignals
VP_TIM16_VS_ClockSourceINT.Signal=TIM16_VS_ClockSourceINT
NVIC.NonMaskableInt_IRQn=true\:0\:0\:false\:false\:true\:false\:false
RCC.PLLRCLKFreq_Value=160000000
NVIC.PendSV_IRQn=true\:0\:0\:false\:false\:true\:false\:false
PA13.Mode=Serial_Wire
ProjectManager.FreePins=false
RCC.IPParameters=ADC12Freq_Value,ADC345Freq_Value,AHBFreq_Value,APB1Freq_Value,APB1TimFreq_Value,APB2Freq_Value,APB2TimFreq_Value,CRSFreq_Value,CortexFreq_Value,EXTERNAL_CLOCK_VALUE,FCLKCortexFreq_Value,FDCANFreq_Value,FamilyName,HCLKFreq_Value,HRTIM1Freq_Value,HSE_VALUE,HSI48_VALUE,HSI_VALUE,I2C1Freq_Value,I2C2Freq_Value,I2C3Freq_Value,I2SFreq_Value,LPTIM1Freq_Value,LPUART1Freq_Value,LSCOPinFreq_Value,LSE_VALUE,LSI_VALUE,MCO1PinFreq_Value,PLLN,PLLPoutputFreq_Value,PLLQoutputFreq_Value,PLLRCLKFreq_Value,PWRFreq_Value,QSPIFreq_Value,RNGFreq_Value,SAI1Freq_Value,SYSCLKFreq_VALUE,SYSCLKSource,USART1Freq_Value,USART2Freq_Value,USART3Freq_Value,USBFreq_Value,VCOInputFreq_Value,VCOOutputFreq_Value
CRC.OutputDataInversionMode=CRC_OUTPUTDATA_INVERSION_DISABLE
ProjectManager.AskForMigrate=true
Mcu.Name=STM32G491C(C-E)Ux
Dma.RequestsNb=1
ProjectManager.HalAssertFull=false
TIM16.PulseNoDither_1=3200
RCC.CRSFreq_Value=48000000
ProjectManager.ProjectName=sar20-baseboard-firmware
ProjectManager.UnderRoot=true
Mcu.IP6=USART3
Dma.USART3_RX.0.RequestNumber=1
ProjectManager.CoupleFile=false
RCC.SYSCLKFreq_VALUE=160000000
Dma.USART3_RX.0.Direction=DMA_PERIPH_TO_MEMORY
Mcu.Package=UFQFPN48
Dma.USART3_RX.0.Priority=DMA_PRIORITY_LOW
PA6.Signal=S_TIM16_CH1
NVIC.ForceEnableDMAVector=true
KeepUserPlacement=false
NVIC.MemoryManagement_IRQn=true\:0\:0\:false\:false\:true\:false\:false
ProjectManager.CompilerOptimize=6
ProjectManager.ToolChainLocation=
RCC.LSI_VALUE=32000
VP_SYS_VS_Systick.Signal=SYS_VS_Systick
RCC.LSCOPinFreq_Value=32000
USART3.IPParameters=VirtualMode-Asynchronous
PA14.Signal=SYS_JTCK-SWCLK
ProjectManager.HeapSize=0x200
Dma.USART3_RX.0.SyncPolarity=HAL_DMAMUX_SYNC_NO_EVENT
NVIC.HardFault_IRQn=true\:0\:0\:false\:false\:true\:false\:false
Dma.USART3_RX.0.SignalID=NONE
PC11.Mode=Asynchronous
Dma.USART3_RX.0.MemInc=DMA_MINC_ENABLE
ProjectManager.ComputerToolchain=false
RCC.HSI_VALUE=16000000
NVIC.PriorityGroup=NVIC_PRIORITYGROUP_4
RCC.PLLN=20
RCC.PLLPoutputFreq_Value=160000000
RCC.APB1TimFreq_Value=160000000
NVIC.BusFault_IRQn=true\:0\:0\:false\:false\:true\:false\:false
RCC.PWRFreq_Value=160000000
RCC.LPUART1Freq_Value=160000000
TIM16.IPParameters=Channel,PeriodNoDither,PulseNoDither_1
NVIC.DMA1_Channel1_IRQn=true\:0\:0\:false\:false\:true\:false\:true
RCC.I2C2Freq_Value=160000000
Dma.Request0=USART3_RX
Dma.USART3_RX.0.RequestParameters=Instance,Direction,PeriphInc,MemInc,PeriphDataAlignment,MemDataAlignment,Mode,Priority,SignalID,Polarity,RequestNumber,SyncSignalID,SyncPolarity,SyncEnable,EventEnable,SyncRequestNumber
RCC.APB1Freq_Value=160000000
VP_CRC_VS_CRC.Mode=CRC_Activate
ProjectManager.CustomerFirmwarePackage=
ProjectManager.DeviceId=STM32G491CEUx
ProjectManager.LibraryCopy=1
RCC.HSI48_VALUE=48000000
RCC.HRTIM1Freq_Value=160000000
PA6.Locked=true
isbadioc=false
